// !$*UTF8*$!
{
	archiveVersion = 1;
	classes = {
	};
	objectVersion = 46;
	objects = {

/* Begin PBXBuildFile section */
		C8FD88171E452E69002B2867 /* AppDelegate.swift in Sources */ = {isa = PBXBuildFile; fileRef = C8FD88161E452E69002B2867 /* AppDelegate.swift */; };
		C8FD88191E452E69002B2867 /* ViewController.swift in Sources */ = {isa = PBXBuildFile; fileRef = C8FD88181E452E69002B2867 /* ViewController.swift */; };
		C8FD881C1E452E69002B2867 /* Main.storyboard in Resources */ = {isa = PBXBuildFile; fileRef = C8FD881A1E452E69002B2867 /* Main.storyboard */; };
		C8FD881E1E452E69002B2867 /* Assets.xcassets in Resources */ = {isa = PBXBuildFile; fileRef = C8FD881D1E452E69002B2867 /* Assets.xcassets */; };
		C8FD88211E452E69002B2867 /* LaunchScreen.storyboard in Resources */ = {isa = PBXBuildFile; fileRef = C8FD881F1E452E69002B2867 /* LaunchScreen.storyboard */; };
/* End PBXBuildFile section */

/* Begin PBXFileReference section */
		C8FD88131E452E69002B2867 /* gitProject.app */ = {isa = PBXFileReference; explicitFileType = wrapper.application; includeInIndex = 0; path = gitProject.app; sourceTree = BUILT_PRODUCTS_DIR; };
		C8FD88161E452E69002B2867 /* AppDelegate.swift */ = {isa = PBXFileReference; lastKnownFileType = sourcecode.swift; path = AppDelegate.swift; sourceTree = "<group>"; };
		C8FD88181E452E69002B2867 /* ViewController.swift */ = {isa = PBXFileReference; lastKnownFileType = sourcecode.swift; path = ViewController.swift; sourceTree = "<group>"; };
		C8FD881B1E452E69002B2867 /* Base */ = {isa = PBXFileReference; lastKnownFileType = file.storyboard; name = Base; path = Base.lproj/Main.storyboard; sourceTree = "<group>"; };
		C8FD881D1E452E69002B2867 /* Assets.xcassets */ = {isa = PBXFileReference; lastKnownFileType = folder.assetcatalog; path = Assets.xcassets; sourceTree = "<group>"; };
		C8FD88201E452E69002B2867 /* Base */ = {isa = PBXFileReference; lastKnownFileType = file.storyboard; name = Base; path = Base.lproj/LaunchScreen.storyboard; sourceTree = "<group>"; };
		C8FD88221E452E69002B2867 /* Info.plist */ = {isa = PBXFileReference; lastKnownFileType = text.plist.xml; path = Info.plist; sourceTree = "<group>"; };
/* End PBXFileReference section */

/* Begin PBXFrameworksBuildPhase section */
		C8FD88101E452E69002B2867 /* Frameworks */ = {
			isa = PBXFrameworksBuildPhase;
			buildActionMask = 2147483647;
			files = (
			);
			runOnlyForDeploymentPostprocessing = 0;
		};
/* End PBXFrameworksBuildPhase section */

/* Begin PBXGroup section */
		C8FD880A1E452E69002B2867 = {
			isa = PBXGroup;
			children = (
				C8FD88151E452E69002B2867 /* gitProject */,
				C8FD88141E452E69002B2867 /* Products */,
			);
			sourceTree = "<group>";
		};
		C8FD88141E452E69002B2867 /* Products */ = {
			isa = PBXGroup;
			children = (
				C8FD88131E452E69002B2867 /* gitProject.app */,
			);
			name = Products;
			sourceTree = "<group>";
		};
		C8FD88151E452E69002B2867 /* gitProject */ = {
			isa = PBXGroup;
			children = (
				C8FD88161E452E69002B2867 /* AppDelegate.swift */,
				C8FD88181E452E69002B2867 /* ViewController.swift */,
				C8FD881A1E452E69002B2867 /* Main.storyboard */,
				C8FD881D1E452E69002B2867 /* Assets.xcassets */,
				C8FD881F1E452E69002B2867 /* LaunchScreen.storyboard */,
				C8FD88221E452E69002B2867 /* Info.plist */,
			);
			path = gitProject;
			sourceTree = "<group>";
		};
/* End PBXGroup section */

/* Begin PBXNativeTarget section */
		C8FD88121E452E69002B2867 /* gitProject */ = {
			isa = PBXNativeTarget;
			buildConfigurationList = C8FD88251E452E69002B2867 /* Build configuration list for PBXNativeTarget "gitProject" */;
			buildPhases = (
				C8FD880F1E452E69002B2867 /* Sources */,
				C8FD88101E452E69002B2867 /* Frameworks */,
				C8FD88111E452E69002B2867 /* Resources */,
			);
			buildRules = (
			);
			dependencies = (
			);
			name = gitProject;
			productName = gitProject;
			productReference = C8FD88131E452E69002B2867 /* gitProject.app */;
			productType = "com.apple.product-type.application";
		};
/* End PBXNativeTarget section */

/* Begin PBXProject section */
		C8FD880B1E452E69002B2867 /* Project object */ = {
			isa = PBXProject;
			attributes = {
				LastSwiftUpdateCheck = 0820;
				LastUpgradeCheck = 0820;
				ORGANIZATIONNAME = "Alex Whitlock";
				TargetAttributes = {
					C8FD88121E452E69002B2867 = {
						CreatedOnToolsVersion = 8.2.1;
						ProvisioningStyle = Automatic;
					};
				};
			};
			buildConfigurationList = C8FD880E1E452E69002B2867 /* Build configuration list for PBXProject "gitProject" */;
			compatibilityVersion = "Xcode 3.2";
			developmentRegion = English;
			hasScannedForEncodings = 0;
			knownRegions = (
				en,
				Base,
			);
			mainGroup = C8FD880A1E452E69002B2867;
			productRefGroup = C8FD88141E452E69002B2867 /* Products */;
			projectDirPath = "";
			projectRoot = "";
			targets = (
				C8FD88121E452E69002B2867 /* gitProject */,
			);
		};
/* End PBXProject section */

/* Begin PBXResourcesBuildPhase section */
		C8FD88111E452E69002B2867 /* Resources */ = {
			isa = PBXResourcesBuildPhase;
			buildActionMask = 2147483647;
			files = (
				C8FD88211E452E69002B2867 /* LaunchScreen.storyboard in Resources */,
				C8FD881E1E452E69002B2867 /* Assets.xcassets in Resources */,
				C8FD881C1E452E69002B2867 /* Main.storyboard in Resources */,
			);
			runOnlyForDeploymentPostprocessing = 0;
		};
/* End PBXResourcesBuildPhase section */

/* Begin PBXSourcesBuildPhase section */
		C8FD880F1E452E69002B2867 /* Sources */ = {
			isa = PBXSourcesBuildPhase;
			buildActionMask = 2147483647;
			files = (
				C8FD88191E452E69002B2867 /* ViewController.swift in Sources */,
				C8FD88171E452E69002B2867 /* AppDelegate.swift in Sources */,
			);
			runOnlyForDeploymentPostprocessing = 0;
		};
/* End PBXSourcesBuildPhase section */

/* Begin PBXVariantGroup section */
		C8FD881A1E452E69002B2867 /* Main.storyboard */ = {
			isa = PBXVariantGroup;
			children = (
				C8FD881B1E452E69002B2867 /* Base */,
			);
			name = Main.storyboard;
			sourceTree = "<group>";
		};
		C8FD881F1E452E69002B2867 /* LaunchScreen.storyboard */ = {
			isa = PBXVariantGroup;
			children = (
				C8FD88201E452E69002B2867 /* Base */,
			);
			name = LaunchScreen.storyboard;
			sourceTree = "<group>";
		};
/* End PBXVariantGroup section */

/* Begin XCBuildConfiguration section */
		C8FD88231E452E69002B2867 /* Debug */ = {
			isa = XCBuildConfiguration;
			buildSettings = {
				ALWAYS_SEARCH_USER_PATHS = NO;
				CLANG_ANALYZER_NONNULL = YES;
				CLANG_CXX_LANGUAGE_STANDARD = "gnu++0x";
				CLANG_CXX_LIBRARY = "libc++";
				CLANG_ENABLE_MODULES = YES;
				CLANG_ENABLE_OBJC_ARC = YES;
				CLANG_WARN_BOOL_CONVERSION = YES;
				CLANG_WARN_CONSTANT_CONVERSION = YES;
				CLANG_WARN_DIRECT_OBJC_ISA_USAGE = YES_ERROR;
				CLANG_WARN_DOCUMENTATION_COMMENTS = YES;
				CLANG_WARN_EMPTY_BODY = YES;
				CLANG_WARN_ENUM_CONVERSION = YES;
				CLANG_WARN_INFINITE_RECURSION = YES;
				CLANG_WARN_INT_CONVERSION = YES;
				CLANG_WARN_OBJC_ROOT_CLASS = YES_ERROR;
				CLANG_WARN_SUSPICIOUS_MOVE = YES;
				CLANG_WARN_UNREACHABLE_CODE = YES;
				CLANG_WARN__DUPLICATE_METHOD_MATCH = YES;
				"CODE_SIGN_IDENTITY[sdk=iphoneos*]" = "iPhone Developer";
				COPY_PHASE_STRIP = NO;
				DEBUG_INFORMATION_FORMAT = dwarf;
				ENABLE_STRICT_OBJC_MSGSEND = YES;
				ENABLE_TESTABILITY = YES;
				GCC_C_LANGUAGE_STANDARD = gnu99;
				GCC_DYNAMIC_NO_PIC = NO;
				GCC_NO_COMMON_BLOCKS = YES;
				GCC_OPTIMIZATION_LEVEL = 0;
				GCC_PREPROCESSOR_DEFINITIONS = (
					"DEBUG=1",
					"$(inherited)",
				);
				GCC_WARN_64_TO_32_BIT_CONVERSION = YES;
				GCC_WARN_ABOUT_RETURN_TYPE = YES_ERROR;
				GCC_WARN_UNDECLARED_SELECTOR = YES;
				GCC_WARN_UNINITIALIZED_AUTOS = YES_AGGRESSIVE;
				GCC_WARN_UNUSED_FUNCTION = YES;
				GCC_WARN_UNUSED_VARIABLE = YES;
				IPHONEOS_DEPLOYMENT_TARGET = 10.2;
				MTL_ENABLE_DEBUG_INFO = YES;
				ONLY_ACTIVE_ARCH = YES;
				SDKROOT = iphoneos;
				SWIFT_ACTIVE_COMPILATION_CONDITIONS = DEBUG;
				SWIFT_OPTIMIZATION_LEVEL = "-Onone";
				TARGETED_DEVICE_FAMILY = "1,2";
			};
			name = Debug;
		};
		C8FD88241E452E69002B2867 /* Release */ = {
			isa = XCBuildConfiguration;
			buildSettings = {
				ALWAYS_SEARCH_USER_PATHS = NO;
				CLANG_ANALYZER_NONNULL = YES;
				CLANG_CXX_LANGUAGE_STANDARD = "gnu++0x";
				CLANG_CXX_LIBRARY = "libc++";
				CLANG_ENABLE_MODULES = YES;
				CLANG_ENABLE_OBJC_ARC = YES;
				CLANG_WARN_BOOL_CONVERSION = YES;
				CLANG_WARN_CONSTANT_CONVERSION = YES;
				CLANG_WARN_DIRECT_OBJC_ISA_USAGE = YES_ERROR;
				CLANG_WARN_DOCUMENTATION_COMMENTS = YES;
				CLANG_WARN_EMPTY_BODY = YES;
				CLANG_WARN_ENUM_CONVERSION = YES;
				CLANG_WARN_INFINITE_RECURSION = YES;
				CLANG_WARN_INT_CONVERSION = YES;
				CLANG_WARN_OBJC_ROOT_CLASS = YES_ERROR;
				CLANG_WARN_SUSPICIOUS_MOVE = YES;
				CLANG_WARN_UNREACHABLE_CODE = YES;
				CLANG_WARN__DUPLICATE_METHOD_MATCH = YES;
				"CODE_SIGN_IDENTITY[sdk=iphoneos*]" = "iPhone Developer";
				COPY_PHASE_STRIP = NO;
				DEBUG_INFORMATION_FORMAT = "dwarf-with-dsym";
				ENABLE_NS_ASSERTIONS = NO;
				ENABLE_STRICT_OBJC_MSGSEND = YES;
				GCC_C_LANGUAGE_STANDARD = gnu99;
				GCC_NO_COMMON_BLOCKS = YES;
				GCC_WARN_64_TO_32_BIT_CONVERSION = YES;
				GCC_WARN_ABOUT_RETURN_TYPE = YES_ERROR;
				GCC_WARN_UNDECLARED_SELECTOR = YES;
				GCC_WARN_UNINITIALIZED_AUTOS = YES_AGGRESSIVE;
				GCC_WARN_UNUSED_FUNCTION = YES;
				GCC_WARN_UNUSED_VARIABLE = YES;
				IPHONEOS_DEPLOYMENT_TARGET = 10.2;
				MTL_ENABLE_DEBUG_INFO = NO;
				SDKROOT = iphoneos;
				SWIFT_OPTIMIZATION_LEVEL = "-Owholemodule";
				TARGETED_DEVICE_FAMILY = "1,2";
				VALIDATE_PRODUCT = YES;
			};
			name = Release;
		};
		C8FD88261E452E69002B2867 /* Debug */ = {
			isa = XCBuildConfiguration;
			buildSettings = {
				ASSETCATALOG_COMPILER_APPICON_NAME = AppIcon;
				INFOPLIST_FILE = gitProject/Info.plist;
				LD_RUNPATH_SEARCH_PATHS = "$(inherited) @executable_path/Frameworks";
				PRODUCT_BUNDLE_IDENTIFIER = "Alex-Whitlock.gitProject";
				PRODUCT_NAME = "$(TARGET_NAME)";
				SWIFT_VERSION = 3.0;
			};
			name = Debug;
		};
		C8FD88271E452E69002B2867 /* Release */ = {
			isa = XCBuildConfiguration;
			buildSettings = {
				ASSETCATALOG_COMPILER_APPICON_NAME = AppIcon;
				INFOPLIST_FILE = gitProject/Info.plist;
				LD_RUNPATH_SEARCH_PATHS = "$(inherited) @executable_path/Frameworks";
				PRODUCT_BUNDLE_IDENTIFIER = "Alex-Whitlock.gitProject";
				PRODUCT_NAME = "$(TARGET_NAME)";
				SWIFT_VERSION = 3.0;
			};
			name = Release;
		};
/* End XCBuildConfiguration section */

/* Begin XCConfigurationList section */
		C8FD880E1E452E69002B2867 /* Build configuration list for PBXProject "gitProject" */ = {
			isa = XCConfigurationList;
			buildConfigurations = (
				C8FD88231E452E69002B2867 /* Debug */,
				C8FD88241E452E69002B2867 /* Release */,
			);
			defaultConfigurationIsVisible = 0;
			defaultConfigurationName = Release;
		};
		C8FD88251E452E69002B2867 /* Build configuration list for PBXNativeTarget "gitProject" */ = {
			isa = XCConfigurationList;
			buildConfigurations = (
				C8FD88261E452E69002B2867 /* Debug */,
				C8FD88271E452E69002B2867 /* Release */,
			);
			defaultConfigurationIsVisible = 0;
		};
/* End XCConfigurationList section */
	};
	rootObject = C8FD880B1E452E69002B2867 /* Project object */;
}
